
Microsoft Visual Studio Solution File, Format Version 12.00
# Visual Studio 14
VisualStudioVersion = 14.0.24720.0
MinimumVisualStudioVersion = 10.0.40219.1
Project("{FAE04EC0-301F-11D3-BF4B-00C04F79EFBC}") = "WebApplication6", "WebApplication6\WebApplication6.csproj", "{CD9D9FC5-6B34-45D6-885E-DD8558C1FAB0}"
EndProject
Project("{2150E333-8FDC-42A3-9474-1A3956D46DE8}") = "WEB MVC", "WEB MVC", "{ACEC0BCD-6875-4492-9E64-A44EC77C6296}"
EndProject
Project("{2150E333-8FDC-42A3-9474-1A3956D46DE8}") = "SERVICES", "SERVICES", "{C1010BB3-07B7-4361-B995-89943F127F3F}"
EndProject
Project("{FAE04EC0-301F-11D3-BF4B-00C04F79EFBC}") = "Service", "Service\Service.csproj", "{B84CD392-5F45-46FE-B740-06BE6E168E79}"
EndProject
Project("{2150E333-8FDC-42A3-9474-1A3956D46DE8}") = "Infraestructura", "Infraestructura", "{07FA4947-DF59-42AF-8042-A44E40998A16}"
EndProject
Project("{FAE04EC0-301F-11D3-BF4B-00C04F79EFBC}") = "Infraestructure", "Infraestructure\Infraestructure.csproj", "{D347B321-6AA7-40E6-AAC5-743797E0CC57}"
EndProject
Project("{2150E333-8FDC-42A3-9474-1A3956D46DE8}") = "Domain", "Domain", "{2C334BBF-9A6D-4CCE-A59C-32B9A7750B08}"
EndProject
Project("{FAE04EC0-301F-11D3-BF4B-00C04F79EFBC}") = "Dominio", "Dominio\Dominio.csproj", "{47FF0496-1BFF-4B0F-9E08-AB15A51B486F}"
EndProject
Project("{FAE04EC0-301F-11D3-BF4B-00C04F79EFBC}") = "WepApi", "WepApi\WepApi.csproj", "{261BDFB3-FB21-4E78-9D3D-A3E9B776600F}"
EndProject
Project("{2150E333-8FDC-42A3-9474-1A3956D46DE8}") = "WebApi", "WebApi", "{9C420701-9FDD-4430-AD57-F51614306472}"
EndProject
Project("{FAE04EC0-301F-11D3-BF4B-00C04F79EFBC}") = "WebForms", "WebForms\WebForms.csproj", "{2E2B278A-0B67-450A-AB4F-1FB8182906CA}"
EndProject
Project("{2150E333-8FDC-42A3-9474-1A3956D46DE8}") = "WEB Forms", "WEB Forms", "{C935DF8E-CC38-471D-A8C7-5F6F9613A983}"
EndProject
Global
	GlobalSection(SolutionConfigurationPlatforms) = preSolution
		Debug|Any CPU = Debug|Any CPU
		Release|Any CPU = Release|Any CPU
	EndGlobalSection
	GlobalSection(ProjectConfigurationPlatforms) = postSolution
		{CD9D9FC5-6B34-45D6-885E-DD8558C1FAB0}.Debug|Any CPU.ActiveCfg = Debug|Any CPU
		{CD9D9FC5-6B34-45D6-885E-DD8558C1FAB0}.Debug|Any CPU.Build.0 = Debug|Any CPU
		{CD9D9FC5-6B34-45D6-885E-DD8558C1FAB0}.Release|Any CPU.ActiveCfg = Release|Any CPU
		{CD9D9FC5-6B34-45D6-885E-DD8558C1FAB0}.Release|Any CPU.Build.0 = Release|Any CPU
		{B84CD392-5F45-46FE-B740-06BE6E168E79}.Debug|Any CPU.ActiveCfg = Debug|Any CPU
		{B84CD392-5F45-46FE-B740-06BE6E168E79}.Debug|Any CPU.Build.0 = Debug|Any CPU
		{B84CD392-5F45-46FE-B740-06BE6E168E79}.Release|Any CPU.ActiveCfg = Release|Any CPU
		{B84CD392-5F45-46FE-B740-06BE6E168E79}.Release|Any CPU.Build.0 = Release|Any CPU
		{D347B321-6AA7-40E6-AAC5-743797E0CC57}.Debug|Any CPU.ActiveCfg = Debug|Any CPU
		{D347B321-6AA7-40E6-AAC5-743797E0CC57}.Debug|Any CPU.Build.0 = Debug|Any CPU
		{D347B321-6AA7-40E6-AAC5-743797E0CC57}.Release|Any CPU.ActiveCfg = Release|Any CPU
		{D347B321-6AA7-40E6-AAC5-743797E0CC57}.Release|Any CPU.Build.0 = Release|Any CPU
		{47FF0496-1BFF-4B0F-9E08-AB15A51B486F}.Debug|Any CPU.ActiveCfg = Debug|Any CPU
		{47FF0496-1BFF-4B0F-9E08-AB15A51B486F}.Debug|Any CPU.Build.0 = Debug|Any CPU
		{47FF0496-1BFF-4B0F-9E08-AB15A51B486F}.Release|Any CPU.ActiveCfg = Release|Any CPU
		{47FF0496-1BFF-4B0F-9E08-AB15A51B486F}.Release|Any CPU.Build.0 = Release|Any CPU
		{261BDFB3-FB21-4E78-9D3D-A3E9B776600F}.Debug|Any CPU.ActiveCfg = Debug|Any CPU
		{261BDFB3-FB21-4E78-9D3D-A3E9B776600F}.Debug|Any CPU.Build.0 = Debug|Any CPU
		{261BDFB3-FB21-4E78-9D3D-A3E9B776600F}.Release|Any CPU.ActiveCfg = Release|Any CPU
		{261BDFB3-FB21-4E78-9D3D-A3E9B776600F}.Release|Any CPU.Build.0 = Release|Any CPU
		{2E2B278A-0B67-450A-AB4F-1FB8182906CA}.Debug|Any CPU.ActiveCfg = Debug|Any CPU
		{2E2B278A-0B67-450A-AB4F-1FB8182906CA}.Debug|Any CPU.Build.0 = Debug|Any CPU
		{2E2B278A-0B67-450A-AB4F-1FB8182906CA}.Release|Any CPU.ActiveCfg = Release|Any CPU
		{2E2B278A-0B67-450A-AB4F-1FB8182906CA}.Release|Any CPU.Build.0 = Release|Any CPU
	EndGlobalSection
	GlobalSection(SolutionProperties) = preSolution
		HideSolutionNode = FALSE
	EndGlobalSection
	GlobalSection(NestedProjects) = preSolution
		{CD9D9FC5-6B34-45D6-885E-DD8558C1FAB0} = {ACEC0BCD-6875-4492-9E64-A44EC77C6296}
		{B84CD392-5F45-46FE-B740-06BE6E168E79} = {C1010BB3-07B7-4361-B995-89943F127F3F}
		{D347B321-6AA7-40E6-AAC5-743797E0CC57} = {07FA4947-DF59-42AF-8042-A44E40998A16}
		{47FF0496-1BFF-4B0F-9E08-AB15A51B486F} = {2C334BBF-9A6D-4CCE-A59C-32B9A7750B08}
		{261BDFB3-FB21-4E78-9D3D-A3E9B776600F} = {9C420701-9FDD-4430-AD57-F51614306472}
		{2E2B278A-0B67-450A-AB4F-1FB8182906CA} = {C935DF8E-CC38-471D-A8C7-5F6F9613A983}
	EndGlobalSection
EndGlobal
